// !$*UTF8*$!
{
	archiveVersion = 1;
	classes = {
	};
	objectVersion = 51;
	objects = {

/* Begin PBXBuildFile section */
		5275396C24A0B42B007ECEE7 /* AppDelegate.swift in Sources */ = {isa = PBXBuildFile; fileRef = 5275396B24A0B42B007ECEE7 /* AppDelegate.swift */; };
		5275396E24A0B42B007ECEE7 /* SceneDelegate.swift in Sources */ = {isa = PBXBuildFile; fileRef = 5275396D24A0B42B007ECEE7 /* SceneDelegate.swift */; };
		5275397324A0B42B007ECEE7 /* Main.storyboard in Resources */ = {isa = PBXBuildFile; fileRef = 5275397124A0B42B007ECEE7 /* Main.storyboard */; };
		5275397524A0B42E007ECEE7 /* Assets.xcassets in Resources */ = {isa = PBXBuildFile; fileRef = 5275397424A0B42E007ECEE7 /* Assets.xcassets */; };
		5275397824A0B42E007ECEE7 /* LaunchScreen.storyboard in Resources */ = {isa = PBXBuildFile; fileRef = 5275397624A0B42E007ECEE7 /* LaunchScreen.storyboard */; };
		52AAC92A24A0BBC000318DB2 /* Roboto-Regular.ttf in Resources */ = {isa = PBXBuildFile; fileRef = 52AAC92924A0BBC000318DB2 /* Roboto-Regular.ttf */; };
		52AAC92C24A0BBDE00318DB2 /* Roboto-Medium.ttf in Resources */ = {isa = PBXBuildFile; fileRef = 52AAC92B24A0BBDE00318DB2 /* Roboto-Medium.ttf */; };
		52AAC92E24A0BC1000318DB2 /* Roboto-Bold.ttf in Resources */ = {isa = PBXBuildFile; fileRef = 52AAC92D24A0BC1000318DB2 /* Roboto-Bold.ttf */; };
		52AAC93024A0C47800318DB2 /* CocktailCell.xib in Resources */ = {isa = PBXBuildFile; fileRef = 52AAC92F24A0C47800318DB2 /* CocktailCell.xib */; };
		52AAC93224A0C73400318DB2 /* CocktailVC.swift in Sources */ = {isa = PBXBuildFile; fileRef = 52AAC93124A0C73400318DB2 /* CocktailVC.swift */; };
		52AAC93424A0C74100318DB2 /* FilterVC.swift in Sources */ = {isa = PBXBuildFile; fileRef = 52AAC93324A0C74100318DB2 /* FilterVC.swift */; };
		52AAC93624A0C86500318DB2 /* CellIdentifiers.swift in Sources */ = {isa = PBXBuildFile; fileRef = 52AAC93524A0C86500318DB2 /* CellIdentifiers.swift */; };
		52AAC93824A0CDFF00318DB2 /* CocktailCell.swift in Sources */ = {isa = PBXBuildFile; fileRef = 52AAC93724A0CDFF00318DB2 /* CocktailCell.swift */; };
		52AAC94224A0E7C600318DB2 /* CocktailModels.swift in Sources */ = {isa = PBXBuildFile; fileRef = 52AAC94124A0E7C600318DB2 /* CocktailModels.swift */; };
		52AAC94424A0E7D200318DB2 /* CategoryModels.swift in Sources */ = {isa = PBXBuildFile; fileRef = 52AAC94324A0E7D200318DB2 /* CategoryModels.swift */; };
		52AAC94724A0E9ED00318DB2 /* NetworkService.swift in Sources */ = {isa = PBXBuildFile; fileRef = 52AAC94624A0E9ED00318DB2 /* NetworkService.swift */; };
		52AAC94924A0EA3200318DB2 /* CocktailAPI.swift in Sources */ = {isa = PBXBuildFile; fileRef = 52AAC94824A0EA3200318DB2 /* CocktailAPI.swift */; };
		52AAC94B24A1EBB600318DB2 /* LoadingCell.xib in Resources */ = {isa = PBXBuildFile; fileRef = 52AAC94A24A1EBB600318DB2 /* LoadingCell.xib */; };
		52AAC94D24A1EBC600318DB2 /* ErrorCell.xib in Resources */ = {isa = PBXBuildFile; fileRef = 52AAC94C24A1EBC600318DB2 /* ErrorCell.xib */; };
		52AAC94F24A1FA7700318DB2 /* ProgressState.swift in Sources */ = {isa = PBXBuildFile; fileRef = 52AAC94E24A1FA7700318DB2 /* ProgressState.swift */; };
		9022D487095074C60C10AF79 /* Pods_The_Cocktail_DB.framework in Frameworks */ = {isa = PBXBuildFile; fileRef = 71BBE0CFC7BF58D89F5C2698 /* Pods_The_Cocktail_DB.framework */; };
/* End PBXBuildFile section */

/* Begin PBXFileReference section */
		5275396824A0B42B007ECEE7 /* The Cocktail DB.app */ = {isa = PBXFileReference; explicitFileType = wrapper.application; includeInIndex = 0; path = "The Cocktail DB.app"; sourceTree = BUILT_PRODUCTS_DIR; };
		5275396B24A0B42B007ECEE7 /* AppDelegate.swift */ = {isa = PBXFileReference; lastKnownFileType = sourcecode.swift; path = AppDelegate.swift; sourceTree = "<group>"; };
		5275396D24A0B42B007ECEE7 /* SceneDelegate.swift */ = {isa = PBXFileReference; lastKnownFileType = sourcecode.swift; path = SceneDelegate.swift; sourceTree = "<group>"; };
		5275397224A0B42B007ECEE7 /* Base */ = {isa = PBXFileReference; lastKnownFileType = file.storyboard; name = Base; path = Base.lproj/Main.storyboard; sourceTree = "<group>"; };
		5275397424A0B42E007ECEE7 /* Assets.xcassets */ = {isa = PBXFileReference; lastKnownFileType = folder.assetcatalog; path = Assets.xcassets; sourceTree = "<group>"; };
		5275397724A0B42E007ECEE7 /* Base */ = {isa = PBXFileReference; lastKnownFileType = file.storyboard; name = Base; path = Base.lproj/LaunchScreen.storyboard; sourceTree = "<group>"; };
		5275397924A0B42E007ECEE7 /* Info.plist */ = {isa = PBXFileReference; lastKnownFileType = text.plist.xml; path = Info.plist; sourceTree = "<group>"; };
		52AAC92924A0BBC000318DB2 /* Roboto-Regular.ttf */ = {isa = PBXFileReference; lastKnownFileType = file; path = "Roboto-Regular.ttf"; sourceTree = "<group>"; };
		52AAC92B24A0BBDE00318DB2 /* Roboto-Medium.ttf */ = {isa = PBXFileReference; lastKnownFileType = file; path = "Roboto-Medium.ttf"; sourceTree = "<group>"; };
		52AAC92D24A0BC1000318DB2 /* Roboto-Bold.ttf */ = {isa = PBXFileReference; lastKnownFileType = file; path = "Roboto-Bold.ttf"; sourceTree = "<group>"; };
		52AAC92F24A0C47800318DB2 /* CocktailCell.xib */ = {isa = PBXFileReference; lastKnownFileType = file.xib; path = CocktailCell.xib; sourceTree = "<group>"; };
		52AAC93124A0C73400318DB2 /* CocktailVC.swift */ = {isa = PBXFileReference; lastKnownFileType = sourcecode.swift; path = CocktailVC.swift; sourceTree = "<group>"; };
		52AAC93324A0C74100318DB2 /* FilterVC.swift */ = {isa = PBXFileReference; lastKnownFileType = sourcecode.swift; path = FilterVC.swift; sourceTree = "<group>"; };
		52AAC93524A0C86500318DB2 /* CellIdentifiers.swift */ = {isa = PBXFileReference; lastKnownFileType = sourcecode.swift; path = CellIdentifiers.swift; sourceTree = "<group>"; };
		52AAC93724A0CDFF00318DB2 /* CocktailCell.swift */ = {isa = PBXFileReference; lastKnownFileType = sourcecode.swift; path = CocktailCell.swift; sourceTree = "<group>"; };
		52AAC94124A0E7C600318DB2 /* CocktailModels.swift */ = {isa = PBXFileReference; lastKnownFileType = sourcecode.swift; path = CocktailModels.swift; sourceTree = "<group>"; };
		52AAC94324A0E7D200318DB2 /* CategoryModels.swift */ = {isa = PBXFileReference; lastKnownFileType = sourcecode.swift; path = CategoryModels.swift; sourceTree = "<group>"; };
		52AAC94624A0E9ED00318DB2 /* NetworkService.swift */ = {isa = PBXFileReference; lastKnownFileType = sourcecode.swift; path = NetworkService.swift; sourceTree = "<group>"; };
		52AAC94824A0EA3200318DB2 /* CocktailAPI.swift */ = {isa = PBXFileReference; lastKnownFileType = sourcecode.swift; path = CocktailAPI.swift; sourceTree = "<group>"; };
		52AAC94A24A1EBB600318DB2 /* LoadingCell.xib */ = {isa = PBXFileReference; lastKnownFileType = file.xib; path = LoadingCell.xib; sourceTree = "<group>"; };
		52AAC94C24A1EBC600318DB2 /* ErrorCell.xib */ = {isa = PBXFileReference; lastKnownFileType = file.xib; path = ErrorCell.xib; sourceTree = "<group>"; };
		52AAC94E24A1FA7700318DB2 /* ProgressState.swift */ = {isa = PBXFileReference; lastKnownFileType = sourcecode.swift; path = ProgressState.swift; sourceTree = "<group>"; };
		5CB0BB2FE3ACD6682D85162B /* Pods-The Cocktail DB.debug.xcconfig */ = {isa = PBXFileReference; includeInIndex = 1; lastKnownFileType = text.xcconfig; name = "Pods-The Cocktail DB.debug.xcconfig"; path = "Target Support Files/Pods-The Cocktail DB/Pods-The Cocktail DB.debug.xcconfig"; sourceTree = "<group>"; };
		71BBE0CFC7BF58D89F5C2698 /* Pods_The_Cocktail_DB.framework */ = {isa = PBXFileReference; explicitFileType = wrapper.framework; includeInIndex = 0; path = Pods_The_Cocktail_DB.framework; sourceTree = BUILT_PRODUCTS_DIR; };
		C1BF2204AD2A765C1E2B4D9C /* Pods-The Cocktail DB.release.xcconfig */ = {isa = PBXFileReference; includeInIndex = 1; lastKnownFileType = text.xcconfig; name = "Pods-The Cocktail DB.release.xcconfig"; path = "Target Support Files/Pods-The Cocktail DB/Pods-The Cocktail DB.release.xcconfig"; sourceTree = "<group>"; };
/* End PBXFileReference section */

/* Begin PBXFrameworksBuildPhase section */
		5275396524A0B42B007ECEE7 /* Frameworks */ = {
			isa = PBXFrameworksBuildPhase;
			buildActionMask = 2147483647;
			files = (
				9022D487095074C60C10AF79 /* Pods_The_Cocktail_DB.framework in Frameworks */,
			);
			runOnlyForDeploymentPostprocessing = 0;
		};
/* End PBXFrameworksBuildPhase section */

/* Begin PBXGroup section */
		5275395F24A0B42B007ECEE7 = {
			isa = PBXGroup;
			children = (
				5275396A24A0B42B007ECEE7 /* The Cocktail DB */,
				5275396924A0B42B007ECEE7 /* Products */,
				CB97BEDCBEE7113C0A92CEE2 /* Pods */,
				95012BF60C1CE779E48FDE7D /* Frameworks */,
			);
			sourceTree = "<group>";
		};
		5275396924A0B42B007ECEE7 /* Products */ = {
			isa = PBXGroup;
			children = (
				5275396824A0B42B007ECEE7 /* The Cocktail DB.app */,
			);
			name = Products;
			sourceTree = "<group>";
		};
		5275396A24A0B42B007ECEE7 /* The Cocktail DB */ = {
			isa = PBXGroup;
			children = (
				52AAC94524A0E99D00318DB2 /* Networking */,
				52AAC93F24A0E73B00318DB2 /* Model */,
				52AAC93E24A0E73600318DB2 /* View */,
				52AAC93D24A0E72C00318DB2 /* Controller */,
				52AAC92724A0BB8800318DB2 /* Support files */,
			);
			path = "The Cocktail DB";
			sourceTree = "<group>";
		};
		52AAC92724A0BB8800318DB2 /* Support files */ = {
			isa = PBXGroup;
			children = (
				52AAC93524A0C86500318DB2 /* CellIdentifiers.swift */,
				52AAC94E24A1FA7700318DB2 /* ProgressState.swift */,
				5275397424A0B42E007ECEE7 /* Assets.xcassets */,
				5275397924A0B42E007ECEE7 /* Info.plist */,
				52AAC92824A0BBA300318DB2 /* Fonts */,
			);
			path = "Support files";
			sourceTree = "<group>";
		};
		52AAC92824A0BBA300318DB2 /* Fonts */ = {
			isa = PBXGroup;
			children = (
				52AAC92924A0BBC000318DB2 /* Roboto-Regular.ttf */,
				52AAC92B24A0BBDE00318DB2 /* Roboto-Medium.ttf */,
				52AAC92D24A0BC1000318DB2 /* Roboto-Bold.ttf */,
			);
			path = Fonts;
			sourceTree = "<group>";
		};
		52AAC93D24A0E72C00318DB2 /* Controller */ = {
			isa = PBXGroup;
			children = (
				52AAC93124A0C73400318DB2 /* CocktailVC.swift */,
				52AAC93324A0C74100318DB2 /* FilterVC.swift */,
				5275396B24A0B42B007ECEE7 /* AppDelegate.swift */,
				5275396D24A0B42B007ECEE7 /* SceneDelegate.swift */,
			);
			path = Controller;
			sourceTree = "<group>";
		};
		52AAC93E24A0E73600318DB2 /* View */ = {
			isa = PBXGroup;
			children = (
				52AAC94024A0E76C00318DB2 /* CocktailCell */,
				5275397124A0B42B007ECEE7 /* Main.storyboard */,
				5275397624A0B42E007ECEE7 /* LaunchScreen.storyboard */,
			);
			path = View;
			sourceTree = "<group>";
		};
		52AAC93F24A0E73B00318DB2 /* Model */ = {
			isa = PBXGroup;
			children = (
				52AAC94124A0E7C600318DB2 /* CocktailModels.swift */,
				52AAC94324A0E7D200318DB2 /* CategoryModels.swift */,
			);
			path = Model;
			sourceTree = "<group>";
		};
		52AAC94024A0E76C00318DB2 /* CocktailCell */ = {
			isa = PBXGroup;
			children = (
				52AAC93724A0CDFF00318DB2 /* CocktailCell.swift */,
				52AAC92F24A0C47800318DB2 /* CocktailCell.xib */,
				52AAC94A24A1EBB600318DB2 /* LoadingCell.xib */,
				52AAC94C24A1EBC600318DB2 /* ErrorCell.xib */,
			);
			path = CocktailCell;
			sourceTree = "<group>";
		};
		52AAC94524A0E99D00318DB2 /* Networking */ = {
			isa = PBXGroup;
			children = (
				52AAC94624A0E9ED00318DB2 /* NetworkService.swift */,
				52AAC94824A0EA3200318DB2 /* CocktailAPI.swift */,
			);
			path = Networking;
			sourceTree = "<group>";
		};
		95012BF60C1CE779E48FDE7D /* Frameworks */ = {
			isa = PBXGroup;
			children = (
				71BBE0CFC7BF58D89F5C2698 /* Pods_The_Cocktail_DB.framework */,
			);
			name = Frameworks;
			sourceTree = "<group>";
		};
		CB97BEDCBEE7113C0A92CEE2 /* Pods */ = {
			isa = PBXGroup;
			children = (
				5CB0BB2FE3ACD6682D85162B /* Pods-The Cocktail DB.debug.xcconfig */,
				C1BF2204AD2A765C1E2B4D9C /* Pods-The Cocktail DB.release.xcconfig */,
			);
			path = Pods;
			sourceTree = "<group>";
		};
/* End PBXGroup section */

/* Begin PBXNativeTarget section */
		5275396724A0B42B007ECEE7 /* The Cocktail DB */ = {
			isa = PBXNativeTarget;
			buildConfigurationList = 5275397C24A0B42E007ECEE7 /* Build configuration list for PBXNativeTarget "The Cocktail DB" */;
			buildPhases = (
				C710425E08E7349E08835F51 /* [CP] Check Pods Manifest.lock */,
				5275396424A0B42B007ECEE7 /* Sources */,
				5275396524A0B42B007ECEE7 /* Frameworks */,
				5275396624A0B42B007ECEE7 /* Resources */,
				D34C1E97D42B2D75962D848F /* [CP] Embed Pods Frameworks */,
			);
			buildRules = (
			);
			dependencies = (
			);
			name = "The Cocktail DB";
			productName = "The Cocktail DB";
			productReference = 5275396824A0B42B007ECEE7 /* The Cocktail DB.app */;
			productType = "com.apple.product-type.application";
		};
/* End PBXNativeTarget section */

/* Begin PBXProject section */
		5275396024A0B42B007ECEE7 /* Project object */ = {
			isa = PBXProject;
			attributes = {
				LastSwiftUpdateCheck = 1150;
				LastUpgradeCheck = 1150;
				ORGANIZATIONNAME = "Vadim Katenin";
				TargetAttributes = {
					5275396724A0B42B007ECEE7 = {
						CreatedOnToolsVersion = 11.5;
					};
				};
			};
			buildConfigurationList = 5275396324A0B42B007ECEE7 /* Build configuration list for PBXProject "The Cocktail DB" */;
			compatibilityVersion = "Xcode 9.3";
			developmentRegion = en;
			hasScannedForEncodings = 0;
			knownRegions = (
				en,
				Base,
			);
			mainGroup = 5275395F24A0B42B007ECEE7;
			productRefGroup = 5275396924A0B42B007ECEE7 /* Products */;
			projectDirPath = "";
			projectRoot = "";
			targets = (
				5275396724A0B42B007ECEE7 /* The Cocktail DB */,
			);
		};
/* End PBXProject section */

/* Begin PBXResourcesBuildPhase section */
		5275396624A0B42B007ECEE7 /* Resources */ = {
			isa = PBXResourcesBuildPhase;
			buildActionMask = 2147483647;
			files = (
				52AAC92C24A0BBDE00318DB2 /* Roboto-Medium.ttf in Resources */,
				52AAC93024A0C47800318DB2 /* CocktailCell.xib in Resources */,
				5275397824A0B42E007ECEE7 /* LaunchScreen.storyboard in Resources */,
				52AAC92E24A0BC1000318DB2 /* Roboto-Bold.ttf in Resources */,
				5275397524A0B42E007ECEE7 /* Assets.xcassets in Resources */,
				52AAC92A24A0BBC000318DB2 /* Roboto-Regular.ttf in Resources */,
				52AAC94B24A1EBB600318DB2 /* LoadingCell.xib in Resources */,
				52AAC94D24A1EBC600318DB2 /* ErrorCell.xib in Resources */,
				5275397324A0B42B007ECEE7 /* Main.storyboard in Resources */,
			);
			runOnlyForDeploymentPostprocessing = 0;
		};
/* End PBXResourcesBuildPhase section */

/* Begin PBXShellScriptBuildPhase section */
		C710425E08E7349E08835F51 /* [CP] Check Pods Manifest.lock */ = {
			isa = PBXShellScriptBuildPhase;
			buildActionMask = 2147483647;
			files = (
			);
			inputFileListPaths = (
			);
			inputPaths = (
				"${PODS_PODFILE_DIR_PATH}/Podfile.lock",
				"${PODS_ROOT}/Manifest.lock",
			);
			name = "[CP] Check Pods Manifest.lock";
			outputFileListPaths = (
			);
			outputPaths = (
				"$(DERIVED_FILE_DIR)/Pods-The Cocktail DB-checkManifestLockResult.txt",
			);
			runOnlyForDeploymentPostprocessing = 0;
			shellPath = /bin/sh;
			shellScript = "diff \"${PODS_PODFILE_DIR_PATH}/Podfile.lock\" \"${PODS_ROOT}/Manifest.lock\" > /dev/null\nif [ $? != 0 ] ; then\n    # print error to STDERR\n    echo \"error: The sandbox is not in sync with the Podfile.lock. Run 'pod install' or update your CocoaPods installation.\" >&2\n    exit 1\nfi\n# This output is used by Xcode 'outputs' to avoid re-running this script phase.\necho \"SUCCESS\" > \"${SCRIPT_OUTPUT_FILE_0}\"\n";
			showEnvVarsInLog = 0;
		};
		D34C1E97D42B2D75962D848F /* [CP] Embed Pods Frameworks */ = {
			isa = PBXShellScriptBuildPhase;
			buildActionMask = 2147483647;
			files = (
			);
			inputFileListPaths = (
				"${PODS_ROOT}/Target Support Files/Pods-The Cocktail DB/Pods-The Cocktail DB-frameworks-${CONFIGURATION}-input-files.xcfilelist",
			);
			name = "[CP] Embed Pods Frameworks";
			outputFileListPaths = (
				"${PODS_ROOT}/Target Support Files/Pods-The Cocktail DB/Pods-The Cocktail DB-frameworks-${CONFIGURATION}-output-files.xcfilelist",
			);
			runOnlyForDeploymentPostprocessing = 0;
			shellPath = /bin/sh;
			shellScript = "\"${PODS_ROOT}/Target Support Files/Pods-The Cocktail DB/Pods-The Cocktail DB-frameworks.sh\"\n";
			showEnvVarsInLog = 0;
		};
/* End PBXShellScriptBuildPhase section */

/* Begin PBXSourcesBuildPhase section */
		5275396424A0B42B007ECEE7 /* Sources */ = {
			isa = PBXSourcesBuildPhase;
			buildActionMask = 2147483647;
			files = (
				52AAC94724A0E9ED00318DB2 /* NetworkService.swift in Sources */,
				52AAC93424A0C74100318DB2 /* FilterVC.swift in Sources */,
				52AAC94424A0E7D200318DB2 /* CategoryModels.swift in Sources */,
				5275396C24A0B42B007ECEE7 /* AppDelegate.swift in Sources */,
				52AAC94224A0E7C600318DB2 /* CocktailModels.swift in Sources */,
				52AAC93224A0C73400318DB2 /* CocktailVC.swift in Sources */,
				52AAC94924A0EA3200318DB2 /* CocktailAPI.swift in Sources */,
				5275396E24A0B42B007ECEE7 /* SceneDelegate.swift in Sources */,
				52AAC93624A0C86500318DB2 /* CellIdentifiers.swift in Sources */,
				52AAC93824A0CDFF00318DB2 /* CocktailCell.swift in Sources */,
				52AAC94F24A1FA7700318DB2 /* ProgressState.swift in Sources */,
			);
			runOnlyForDeploymentPostprocessing = 0;
		};
/* End PBXSourcesBuildPhase section */

/* Begin PBXVariantGroup section */
		5275397124A0B42B007ECEE7 /* Main.storyboard */ = {
			isa = PBXVariantGroup;
			children = (
				5275397224A0B42B007ECEE7 /* Base */,
			);
			name = Main.storyboard;
			sourceTree = "<group>";
		};
		5275397624A0B42E007ECEE7 /* LaunchScreen.storyboard */ = {
			isa = PBXVariantGroup;
			children = (
				5275397724A0B42E007ECEE7 /* Base */,
			);
			name = LaunchScreen.storyboard;
			sourceTree = "<group>";
		};
/* End PBXVariantGroup section */

/* Begin XCBuildConfiguration section */
		5275397A24A0B42E007ECEE7 /* Debug */ = {
			isa = XCBuildConfiguration;
			buildSettings = {
				ALWAYS_SEARCH_USER_PATHS = NO;
				CLANG_ANALYZER_NONNULL = YES;
				CLANG_ANALYZER_NUMBER_OBJECT_CONVERSION = YES_AGGRESSIVE;
				CLANG_CXX_LANGUAGE_STANDARD = "gnu++14";
				CLANG_CXX_LIBRARY = "libc++";
				CLANG_ENABLE_MODULES = YES;
				CLANG_ENABLE_OBJC_ARC = YES;
				CLANG_ENABLE_OBJC_WEAK = YES;
				CLANG_WARN_BLOCK_CAPTURE_AUTORELEASING = YES;
				CLANG_WARN_BOOL_CONVERSION = YES;
				CLANG_WARN_COMMA = YES;
				CLANG_WARN_CONSTANT_CONVERSION = YES;
				CLANG_WARN_DEPRECATED_OBJC_IMPLEMENTATIONS = YES;
				CLANG_WARN_DIRECT_OBJC_ISA_USAGE = YES_ERROR;
				CLANG_WARN_DOCUMENTATION_COMMENTS = YES;
				CLANG_WARN_EMPTY_BODY = YES;
				CLANG_WARN_ENUM_CONVERSION = YES;
				CLANG_WARN_INFINITE_RECURSION = YES;
				CLANG_WARN_INT_CONVERSION = YES;
				CLANG_WARN_NON_LITERAL_NULL_CONVERSION = YES;
				CLANG_WARN_OBJC_IMPLICIT_RETAIN_SELF = YES;
				CLANG_WARN_OBJC_LITERAL_CONVERSION = YES;
				CLANG_WARN_OBJC_ROOT_CLASS = YES_ERROR;
				CLANG_WARN_RANGE_LOOP_ANALYSIS = YES;
				CLANG_WARN_STRICT_PROTOTYPES = YES;
				CLANG_WARN_SUSPICIOUS_MOVE = YES;
				CLANG_WARN_UNGUARDED_AVAILABILITY = YES_AGGRESSIVE;
				CLANG_WARN_UNREACHABLE_CODE = YES;
				CLANG_WARN__DUPLICATE_METHOD_MATCH = YES;
				COPY_PHASE_STRIP = NO;
				DEBUG_INFORMATION_FORMAT = dwarf;
				ENABLE_STRICT_OBJC_MSGSEND = YES;
				ENABLE_TESTABILITY = YES;
				GCC_C_LANGUAGE_STANDARD = gnu11;
				GCC_DYNAMIC_NO_PIC = NO;
				GCC_NO_COMMON_BLOCKS = YES;
				GCC_OPTIMIZATION_LEVEL = 0;
				GCC_PREPROCESSOR_DEFINITIONS = (
					"DEBUG=1",
					"$(inherited)",
				);
				GCC_WARN_64_TO_32_BIT_CONVERSION = YES;
				GCC_WARN_ABOUT_RETURN_TYPE = YES_ERROR;
				GCC_WARN_UNDECLARED_SELECTOR = YES;
				GCC_WARN_UNINITIALIZED_AUTOS = YES_AGGRESSIVE;
				GCC_WARN_UNUSED_FUNCTION = YES;
				GCC_WARN_UNUSED_VARIABLE = YES;
				IPHONEOS_DEPLOYMENT_TARGET = 13.5;
				MTL_ENABLE_DEBUG_INFO = INCLUDE_SOURCE;
				MTL_FAST_MATH = YES;
				ONLY_ACTIVE_ARCH = YES;
				SDKROOT = iphoneos;
				SWIFT_ACTIVE_COMPILATION_CONDITIONS = DEBUG;
				SWIFT_OPTIMIZATION_LEVEL = "-Onone";
			};
			name = Debug;
		};
		5275397B24A0B42E007ECEE7 /* Release */ = {
			isa = XCBuildConfiguration;
			buildSettings = {
				ALWAYS_SEARCH_USER_PATHS = NO;
				CLANG_ANALYZER_NONNULL = YES;
				CLANG_ANALYZER_NUMBER_OBJECT_CONVERSION = YES_AGGRESSIVE;
				CLANG_CXX_LANGUAGE_STANDARD = "gnu++14";
				CLANG_CXX_LIBRARY = "libc++";
				CLANG_ENABLE_MODULES = YES;
				CLANG_ENABLE_OBJC_ARC = YES;
				CLANG_ENABLE_OBJC_WEAK = YES;
				CLANG_WARN_BLOCK_CAPTURE_AUTORELEASING = YES;
				CLANG_WARN_BOOL_CONVERSION = YES;
				CLANG_WARN_COMMA = YES;
				CLANG_WARN_CONSTANT_CONVERSION = YES;
				CLANG_WARN_DEPRECATED_OBJC_IMPLEMENTATIONS = YES;
				CLANG_WARN_DIRECT_OBJC_ISA_USAGE = YES_ERROR;
				CLANG_WARN_DOCUMENTATION_COMMENTS = YES;
				CLANG_WARN_EMPTY_BODY = YES;
				CLANG_WARN_ENUM_CONVERSION = YES;
				CLANG_WARN_INFINITE_RECURSION = YES;
				CLANG_WARN_INT_CONVERSION = YES;
				CLANG_WARN_NON_LITERAL_NULL_CONVERSION = YES;
				CLANG_WARN_OBJC_IMPLICIT_RETAIN_SELF = YES;
				CLANG_WARN_OBJC_LITERAL_CONVERSION = YES;
				CLANG_WARN_OBJC_ROOT_CLASS = YES_ERROR;
				CLANG_WARN_RANGE_LOOP_ANALYSIS = YES;
				CLANG_WARN_STRICT_PROTOTYPES = YES;
				CLANG_WARN_SUSPICIOUS_MOVE = YES;
				CLANG_WARN_UNGUARDED_AVAILABILITY = YES_AGGRESSIVE;
				CLANG_WARN_UNREACHABLE_CODE = YES;
				CLANG_WARN__DUPLICATE_METHOD_MATCH = YES;
				COPY_PHASE_STRIP = NO;
				DEBUG_INFORMATION_FORMAT = "dwarf-with-dsym";
				ENABLE_NS_ASSERTIONS = NO;
				ENABLE_STRICT_OBJC_MSGSEND = YES;
				GCC_C_LANGUAGE_STANDARD = gnu11;
				GCC_NO_COMMON_BLOCKS = YES;
				GCC_WARN_64_TO_32_BIT_CONVERSION = YES;
				GCC_WARN_ABOUT_RETURN_TYPE = YES_ERROR;
				GCC_WARN_UNDECLARED_SELECTOR = YES;
				GCC_WARN_UNINITIALIZED_AUTOS = YES_AGGRESSIVE;
				GCC_WARN_UNUSED_FUNCTION = YES;
				GCC_WARN_UNUSED_VARIABLE = YES;
				IPHONEOS_DEPLOYMENT_TARGET = 13.5;
				MTL_ENABLE_DEBUG_INFO = NO;
				MTL_FAST_MATH = YES;
				SDKROOT = iphoneos;
				SWIFT_COMPILATION_MODE = wholemodule;
				SWIFT_OPTIMIZATION_LEVEL = "-O";
				VALIDATE_PRODUCT = YES;
			};
			name = Release;
		};
		5275397D24A0B42E007ECEE7 /* Debug */ = {
			isa = XCBuildConfiguration;
			baseConfigurationReference = 5CB0BB2FE3ACD6682D85162B /* Pods-The Cocktail DB.debug.xcconfig */;
			buildSettings = {
				ASSETCATALOG_COMPILER_APPICON_NAME = AppIcon;
				CODE_SIGN_STYLE = Automatic;
				DEVELOPMENT_TEAM = D83JQSBRML;
				INFOPLIST_FILE = "The Cocktail DB/Support files/Info.plist";
				LD_RUNPATH_SEARCH_PATHS = (
					"$(inherited)",
					"@executable_path/Frameworks",
				);
				PRODUCT_BUNDLE_IDENTIFIER = "com.vadimkatenin.The-Cocktail-DB";
				PRODUCT_NAME = "$(TARGET_NAME)";
				SWIFT_VERSION = 5.0;
				TARGETED_DEVICE_FAMILY = "1,2";
			};
			name = Debug;
		};
		5275397E24A0B42E007ECEE7 /* Release */ = {
			isa = XCBuildConfiguration;
			baseConfigurationReference = C1BF2204AD2A765C1E2B4D9C /* Pods-The Cocktail DB.release.xcconfig */;
			buildSettings = {
				ASSETCATALOG_COMPILER_APPICON_NAME = AppIcon;
				CODE_SIGN_STYLE = Automatic;
				DEVELOPMENT_TEAM = D83JQSBRML;
				INFOPLIST_FILE = "The Cocktail DB/Support files/Info.plist";
				LD_RUNPATH_SEARCH_PATHS = (
					"$(inherited)",
					"@executable_path/Frameworks",
				);
				PRODUCT_BUNDLE_IDENTIFIER = "com.vadimkatenin.The-Cocktail-DB";
				PRODUCT_NAME = "$(TARGET_NAME)";
				SWIFT_VERSION = 5.0;
				TARGETED_DEVICE_FAMILY = "1,2";
			};
			name = Release;
		};
/* End XCBuildConfiguration section */

/* Begin XCConfigurationList section */
		5275396324A0B42B007ECEE7 /* Build configuration list for PBXProject "The Cocktail DB" */ = {
			isa = XCConfigurationList;
			buildConfigurations = (
				5275397A24A0B42E007ECEE7 /* Debug */,
				5275397B24A0B42E007ECEE7 /* Release */,
			);
			defaultConfigurationIsVisible = 0;
			defaultConfigurationName = Release;
		};
		5275397C24A0B42E007ECEE7 /* Build configuration list for PBXNativeTarget "The Cocktail DB" */ = {
			isa = XCConfigurationList;
			buildConfigurations = (
				5275397D24A0B42E007ECEE7 /* Debug */,
				5275397E24A0B42E007ECEE7 /* Release */,
			);
			defaultConfigurationIsVisible = 0;
			defaultConfigurationName = Release;
		};
/* End XCConfigurationList section */
	};
	rootObject = 5275396024A0B42B007ECEE7 /* Project object */;
}
